
Microsoft Visual Studio Solution File, Format Version 11.00
# Visual Studio 2010
Project("{8BC9CEB8-8B4A-11D0-8D11-00A0C91BC942}") = "SumOfInts", "SumOfInts\SumOfInts.vcxproj", "{4ECBBD58-E052-4C97-83BB-162D1A0BAA6D}"
EndProject
Global
	GlobalSection(SolutionConfigurationPlatforms) = preSolution
		Debug|Win32 = Debug|Win32
		Release|Win32 = Release|Win32
	EndGlobalSection
	GlobalSection(ProjectConfigurationPlatforms) = postSolution
		{4ECBBD58-E052-4C97-83BB-162D1A0BAA6D}.Debug|Win32.ActiveCfg = Debug|Win32
		{4ECBBD58-E052-4C97-83BB-162D1A0BAA6D}.Debug|Win32.Build.0 = Debug|Win32
		{4ECBBD58-E052-4C97-83BB-162D1A0BAA6D}.Release|Win32.ActiveCfg = Release|Win32
		{4ECBBD58-E052-4C97-83BB-162D1A0BAA6D}.Release|Win32.Build.0 = Release|Win32
	EndGlobalSection
	GlobalSection(SolutionProperties) = preSolution
		HideSolutionNode = FALSE
	EndGlobalSection
EndGlobal
